// !$*UTF8*$!
{
	archiveVersion = 1;
	classes = {
	};
	objectVersion = 46;
	objects = {

/* Begin PBXBuildFile section */
		2B7D288F19CE658F003A9635 /* AppDelegate.swift in Sources */ = {isa = PBXBuildFile; fileRef = 2B7D288E19CE658F003A9635 /* AppDelegate.swift */; };
		2B7D289119CE658F003A9635 /* ViewController.swift in Sources */ = {isa = PBXBuildFile; fileRef = 2B7D289019CE658F003A9635 /* ViewController.swift */; };
		2B7D289419CE658F003A9635 /* Main.storyboard in Resources */ = {isa = PBXBuildFile; fileRef = 2B7D289219CE658F003A9635 /* Main.storyboard */; };
		2B7D289619CE658F003A9635 /* Images.xcassets in Resources */ = {isa = PBXBuildFile; fileRef = 2B7D289519CE658F003A9635 /* Images.xcassets */; };
		2B7D289919CE658F003A9635 /* LaunchScreen.xib in Resources */ = {isa = PBXBuildFile; fileRef = 2B7D289719CE658F003A9635 /* LaunchScreen.xib */; };
		2B7D28A519CE658F003A9635 /* keyboard_catTests.swift in Sources */ = {isa = PBXBuildFile; fileRef = 2B7D28A419CE658F003A9635 /* keyboard_catTests.swift */; };
		2B7D28B719CE65D4003A9635 /* KeyboardViewController.swift in Sources */ = {isa = PBXBuildFile; fileRef = 2B7D28B619CE65D4003A9635 /* KeyboardViewController.swift */; };
		2B7D28BA19CE65D4003A9635 /* cat-keyboard.appex in Embed App Extensions */ = {isa = PBXBuildFile; fileRef = 2B7D28B219CE65D4003A9635 /* cat-keyboard.appex */; settings = {ATTRIBUTES = (RemoveHeadersOnCopy, ); }; };
		2B7D28C419CE6891003A9635 /* cat-keyboard.xib in Resources */ = {isa = PBXBuildFile; fileRef = 2B7D28C319CE6891003A9635 /* cat-keyboard.xib */; };
		2B7D28C619CE6A43003A9635 /* backspace.png in Resources */ = {isa = PBXBuildFile; fileRef = 2B7D28C519CE6A43003A9635 /* backspace.png */; };
		2B7D28C819CE6B15003A9635 /* globe.png in Resources */ = {isa = PBXBuildFile; fileRef = 2B7D28C719CE6B15003A9635 /* globe.png */; };
		2B7D28CB19CE71EA003A9635 /* keyboardcat.gif in Resources */ = {isa = PBXBuildFile; fileRef = 2B7D28CA19CE71EA003A9635 /* keyboardcat.gif */; };
/* End PBXBuildFile section */

/* Begin PBXContainerItemProxy section */
		2B7D289F19CE658F003A9635 /* PBXContainerItemProxy */ = {
			isa = PBXContainerItemProxy;
			containerPortal = 2B7D288119CE658F003A9635 /* Project object */;
			proxyType = 1;
			remoteGlobalIDString = 2B7D288819CE658F003A9635;
			remoteInfo = "keyboard-cat";
		};
		2B7D28B819CE65D4003A9635 /* PBXContainerItemProxy */ = {
			isa = PBXContainerItemProxy;
			containerPortal = 2B7D288119CE658F003A9635 /* Project object */;
			proxyType = 1;
			remoteGlobalIDString = 2B7D28B119CE65D4003A9635;
			remoteInfo = "cat-keyboard";
		};
		2B7D28BB19CE65D5003A9635 /* PBXContainerItemProxy */ = {
			isa = PBXContainerItemProxy;
			containerPortal = 2B7D288119CE658F003A9635 /* Project object */;
			proxyType = 1;
			remoteGlobalIDString = 2B7D28B119CE65D4003A9635;
			remoteInfo = "cat-keyboard";
		};
/* End PBXContainerItemProxy section */

/* Begin PBXCopyFilesBuildPhase section */
		2B7D28C019CE65D5003A9635 /* Embed App Extensions */ = {
			isa = PBXCopyFilesBuildPhase;
			buildActionMask = 2147483647;
			dstPath = "";
			dstSubfolderSpec = 13;
			files = (
				2B7D28BA19CE65D4003A9635 /* cat-keyboard.appex in Embed App Extensions */,
			);
			name = "Embed App Extensions";
			runOnlyForDeploymentPostprocessing = 0;
		};
/* End PBXCopyFilesBuildPhase section */

/* Begin PBXFileReference section */
		2B7D288919CE658F003A9635 /* keyboard-cat.app */ = {isa = PBXFileReference; explicitFileType = wrapper.application; includeInIndex = 0; path = "keyboard-cat.app"; sourceTree = BUILT_PRODUCTS_DIR; };
		2B7D288D19CE658F003A9635 /* Info.plist */ = {isa = PBXFileReference; lastKnownFileType = text.plist.xml; path = Info.plist; sourceTree = "<group>"; };
		2B7D288E19CE658F003A9635 /* AppDelegate.swift */ = {isa = PBXFileReference; lastKnownFileType = sourcecode.swift; path = AppDelegate.swift; sourceTree = "<group>"; };
		2B7D289019CE658F003A9635 /* ViewController.swift */ = {isa = PBXFileReference; lastKnownFileType = sourcecode.swift; path = ViewController.swift; sourceTree = "<group>"; };
		2B7D289319CE658F003A9635 /* Base */ = {isa = PBXFileReference; lastKnownFileType = file.storyboard; name = Base; path = Base.lproj/Main.storyboard; sourceTree = "<group>"; };
		2B7D289519CE658F003A9635 /* Images.xcassets */ = {isa = PBXFileReference; lastKnownFileType = folder.assetcatalog; path = Images.xcassets; sourceTree = "<group>"; };
		2B7D289819CE658F003A9635 /* Base */ = {isa = PBXFileReference; lastKnownFileType = file.xib; name = Base; path = Base.lproj/LaunchScreen.xib; sourceTree = "<group>"; };
		2B7D289E19CE658F003A9635 /* keyboard-catTests.xctest */ = {isa = PBXFileReference; explicitFileType = wrapper.cfbundle; includeInIndex = 0; path = "keyboard-catTests.xctest"; sourceTree = BUILT_PRODUCTS_DIR; };
		2B7D28A319CE658F003A9635 /* Info.plist */ = {isa = PBXFileReference; lastKnownFileType = text.plist.xml; path = Info.plist; sourceTree = "<group>"; };
		2B7D28A419CE658F003A9635 /* keyboard_catTests.swift */ = {isa = PBXFileReference; lastKnownFileType = sourcecode.swift; path = keyboard_catTests.swift; sourceTree = "<group>"; };
		2B7D28B219CE65D4003A9635 /* cat-keyboard.appex */ = {isa = PBXFileReference; explicitFileType = "wrapper.app-extension"; includeInIndex = 0; path = "cat-keyboard.appex"; sourceTree = BUILT_PRODUCTS_DIR; };
		2B7D28B519CE65D4003A9635 /* Info.plist */ = {isa = PBXFileReference; lastKnownFileType = text.plist.xml; path = Info.plist; sourceTree = "<group>"; };
		2B7D28B619CE65D4003A9635 /* KeyboardViewController.swift */ = {isa = PBXFileReference; lastKnownFileType = sourcecode.swift; path = KeyboardViewController.swift; sourceTree = "<group>"; };
		2B7D28C319CE6891003A9635 /* cat-keyboard.xib */ = {isa = PBXFileReference; fileEncoding = 4; lastKnownFileType = file.xib; path = "cat-keyboard.xib"; sourceTree = "<group>"; };
		2B7D28C519CE6A43003A9635 /* backspace.png */ = {isa = PBXFileReference; lastKnownFileType = image.png; path = backspace.png; sourceTree = "<group>"; };
		2B7D28C719CE6B15003A9635 /* globe.png */ = {isa = PBXFileReference; lastKnownFileType = image.png; path = globe.png; sourceTree = "<group>"; };
		2B7D28CA19CE71EA003A9635 /* keyboardcat.gif */ = {isa = PBXFileReference; lastKnownFileType = image.gif; path = keyboardcat.gif; sourceTree = "<group>"; };
/* End PBXFileReference section */

/* Begin PBXFrameworksBuildPhase section */
		2B7D288619CE658F003A9635 /* Frameworks */ = {
			isa = PBXFrameworksBuildPhase;
			buildActionMask = 2147483647;
			files = (
			);
			runOnlyForDeploymentPostprocessing = 0;
		};
		2B7D289B19CE658F003A9635 /* Frameworks */ = {
			isa = PBXFrameworksBuildPhase;
			buildActionMask = 2147483647;
			files = (
			);
			runOnlyForDeploymentPostprocessing = 0;
		};
		2B7D28AF19CE65D4003A9635 /* Frameworks */ = {
			isa = PBXFrameworksBuildPhase;
			buildActionMask = 2147483647;
			files = (
			);
			runOnlyForDeploymentPostprocessing = 0;
		};
/* End PBXFrameworksBuildPhase section */

/* Begin PBXGroup section */
		2B7D288019CE658F003A9635 = {
			isa = PBXGroup;
			children = (
				2B7D288B19CE658F003A9635 /* keyboard-cat */,
				2B7D28A119CE658F003A9635 /* keyboard-catTests */,
				2B7D28B319CE65D4003A9635 /* cat-keyboard */,
				2B7D288A19CE658F003A9635 /* Products */,
			);
			sourceTree = "<group>";
		};
		2B7D288A19CE658F003A9635 /* Products */ = {
			isa = PBXGroup;
			children = (
				2B7D288919CE658F003A9635 /* keyboard-cat.app */,
				2B7D289E19CE658F003A9635 /* keyboard-catTests.xctest */,
				2B7D28B219CE65D4003A9635 /* cat-keyboard.appex */,
			);
			name = Products;
			sourceTree = "<group>";
		};
		2B7D288B19CE658F003A9635 /* keyboard-cat */ = {
			isa = PBXGroup;
			children = (
				2B7D288E19CE658F003A9635 /* AppDelegate.swift */,
				2B7D289019CE658F003A9635 /* ViewController.swift */,
				2B7D289219CE658F003A9635 /* Main.storyboard */,
				2B7D289519CE658F003A9635 /* Images.xcassets */,
				2B7D289719CE658F003A9635 /* LaunchScreen.xib */,
				2B7D288C19CE658F003A9635 /* Supporting Files */,
			);
			path = "keyboard-cat";
			sourceTree = "<group>";
		};
		2B7D288C19CE658F003A9635 /* Supporting Files */ = {
			isa = PBXGroup;
			children = (
				2B7D288D19CE658F003A9635 /* Info.plist */,
			);
			name = "Supporting Files";
			sourceTree = "<group>";
		};
		2B7D28A119CE658F003A9635 /* keyboard-catTests */ = {
			isa = PBXGroup;
			children = (
				2B7D28A419CE658F003A9635 /* keyboard_catTests.swift */,
				2B7D28A219CE658F003A9635 /* Supporting Files */,
			);
			path = "keyboard-catTests";
			sourceTree = "<group>";
		};
		2B7D28A219CE658F003A9635 /* Supporting Files */ = {
			isa = PBXGroup;
			children = (
				2B7D28A319CE658F003A9635 /* Info.plist */,
			);
			name = "Supporting Files";
			sourceTree = "<group>";
		};
		2B7D28B319CE65D4003A9635 /* cat-keyboard */ = {
			isa = PBXGroup;
			children = (
				2B7D28CA19CE71EA003A9635 /* keyboardcat.gif */,
				2B7D28C719CE6B15003A9635 /* globe.png */,
				2B7D28B619CE65D4003A9635 /* KeyboardViewController.swift */,
				2B7D28C519CE6A43003A9635 /* backspace.png */,
				2B7D28B419CE65D4003A9635 /* Supporting Files */,
				2B7D28C319CE6891003A9635 /* cat-keyboard.xib */,
			);
			path = "cat-keyboard";
			sourceTree = "<group>";
		};
		2B7D28B419CE65D4003A9635 /* Supporting Files */ = {
			isa = PBXGroup;
			children = (
				2B7D28B519CE65D4003A9635 /* Info.plist */,
			);
			name = "Supporting Files";
			sourceTree = "<group>";
		};
/* End PBXGroup section */

/* Begin PBXNativeTarget section */
		2B7D288819CE658F003A9635 /* keyboard-cat */ = {
			isa = PBXNativeTarget;
			buildConfigurationList = 2B7D28A819CE658F003A9635 /* Build configuration list for PBXNativeTarget "keyboard-cat" */;
			buildPhases = (
				2B7D288519CE658F003A9635 /* Sources */,
				2B7D288619CE658F003A9635 /* Frameworks */,
				2B7D288719CE658F003A9635 /* Resources */,
				2B7D28C019CE65D5003A9635 /* Embed App Extensions */,
			);
			buildRules = (
			);
			dependencies = (
				2B7D28B919CE65D4003A9635 /* PBXTargetDependency */,
				2B7D28BC19CE65D5003A9635 /* PBXTargetDependency */,
			);
			name = "keyboard-cat";
			productName = "keyboard-cat";
			productReference = 2B7D288919CE658F003A9635 /* keyboard-cat.app */;
			productType = "com.apple.product-type.application";
		};
		2B7D289D19CE658F003A9635 /* keyboard-catTests */ = {
			isa = PBXNativeTarget;
			buildConfigurationList = 2B7D28AB19CE658F003A9635 /* Build configuration list for PBXNativeTarget "keyboard-catTests" */;
			buildPhases = (
				2B7D289A19CE658F003A9635 /* Sources */,
				2B7D289B19CE658F003A9635 /* Frameworks */,
				2B7D289C19CE658F003A9635 /* Resources */,
			);
			buildRules = (
			);
			dependencies = (
				2B7D28A019CE658F003A9635 /* PBXTargetDependency */,
			);
			name = "keyboard-catTests";
			productName = "keyboard-catTests";
			productReference = 2B7D289E19CE658F003A9635 /* keyboard-catTests.xctest */;
			productType = "com.apple.product-type.bundle.unit-test";
		};
		2B7D28B119CE65D4003A9635 /* cat-keyboard */ = {
			isa = PBXNativeTarget;
			buildConfigurationList = 2B7D28BD19CE65D5003A9635 /* Build configuration list for PBXNativeTarget "cat-keyboard" */;
			buildPhases = (
				2B7D28AE19CE65D4003A9635 /* Sources */,
				2B7D28AF19CE65D4003A9635 /* Frameworks */,
				2B7D28B019CE65D4003A9635 /* Resources */,
			);
			buildRules = (
			);
			dependencies = (
			);
			name = "cat-keyboard";
			productName = "cat-keyboard";
			productReference = 2B7D28B219CE65D4003A9635 /* cat-keyboard.appex */;
			productType = "com.apple.product-type.app-extension";
		};
/* End PBXNativeTarget section */

/* Begin PBXProject section */
		2B7D288119CE658F003A9635 /* Project object */ = {
			isa = PBXProject;
			attributes = {
				LastUpgradeCheck = 0600;
				ORGANIZATIONNAME = "Ryan Seys";
				TargetAttributes = {
					2B7D288819CE658F003A9635 = {
						CreatedOnToolsVersion = 6.0.1;
					};
					2B7D289D19CE658F003A9635 = {
						CreatedOnToolsVersion = 6.0.1;
						TestTargetID = 2B7D288819CE658F003A9635;
					};
					2B7D28B119CE65D4003A9635 = {
						CreatedOnToolsVersion = 6.0.1;
					};
				};
			};
			buildConfigurationList = 2B7D288419CE658F003A9635 /* Build configuration list for PBXProject "keyboard-cat" */;
			compatibilityVersion = "Xcode 3.2";
			developmentRegion = English;
			hasScannedForEncodings = 0;
			knownRegions = (
				en,
				Base,
			);
			mainGroup = 2B7D288019CE658F003A9635;
			productRefGroup = 2B7D288A19CE658F003A9635 /* Products */;
			projectDirPath = "";
			projectRoot = "";
			targets = (
				2B7D288819CE658F003A9635 /* keyboard-cat */,
				2B7D289D19CE658F003A9635 /* keyboard-catTests */,
				2B7D28B119CE65D4003A9635 /* cat-keyboard */,
			);
		};
/* End PBXProject section */

/* Begin PBXResourcesBuildPhase section */
		2B7D288719CE658F003A9635 /* Resources */ = {
			isa = PBXResourcesBuildPhase;
			buildActionMask = 2147483647;
			files = (
				2B7D289419CE658F003A9635 /* Main.storyboard in Resources */,
				2B7D289919CE658F003A9635 /* LaunchScreen.xib in Resources */,
				2B7D289619CE658F003A9635 /* Images.xcassets in Resources */,
			);
			runOnlyForDeploymentPostprocessing = 0;
		};
		2B7D289C19CE658F003A9635 /* Resources */ = {
			isa = PBXResourcesBuildPhase;
			buildActionMask = 2147483647;
			files = (
			);
			runOnlyForDeploymentPostprocessing = 0;
		};
		2B7D28B019CE65D4003A9635 /* Resources */ = {
			isa = PBXResourcesBuildPhase;
			buildActionMask = 2147483647;
			files = (
				2B7D28CB19CE71EA003A9635 /* keyboardcat.gif in Resources */,
				2B7D28C819CE6B15003A9635 /* globe.png in Resources */,
				2B7D28C419CE6891003A9635 /* cat-keyboard.xib in Resources */,
				2B7D28C619CE6A43003A9635 /* backspace.png in Resources */,
			);
			runOnlyForDeploymentPostprocessing = 0;
		};
/* End PBXResourcesBuildPhase section */

/* Begin PBXSourcesBuildPhase section */
		2B7D288519CE658F003A9635 /* Sources */ = {
			isa = PBXSourcesBuildPhase;
			buildActionMask = 2147483647;
			files = (
				2B7D289119CE658F003A9635 /* ViewController.swift in Sources */,
				2B7D288F19CE658F003A9635 /* AppDelegate.swift in Sources */,
			);
			runOnlyForDeploymentPostprocessing = 0;
		};
		2B7D289A19CE658F003A9635 /* Sources */ = {
			isa = PBXSourcesBuildPhase;
			buildActionMask = 2147483647;
			files = (
				2B7D28A519CE658F003A9635 /* keyboard_catTests.swift in Sources */,
			);
			runOnlyForDeploymentPostprocessing = 0;
		};
		2B7D28AE19CE65D4003A9635 /* Sources */ = {
			isa = PBXSourcesBuildPhase;
			buildActionMask = 2147483647;
			files = (
				2B7D28B719CE65D4003A9635 /* KeyboardViewController.swift in Sources */,
			);
			runOnlyForDeploymentPostprocessing = 0;
		};
/* End PBXSourcesBuildPhase section */

/* Begin PBXTargetDependency section */
		2B7D28A019CE658F003A9635 /* PBXTargetDependency */ = {
			isa = PBXTargetDependency;
			target = 2B7D288819CE658F003A9635 /* keyboard-cat */;
			targetProxy = 2B7D289F19CE658F003A9635 /* PBXContainerItemProxy */;
		};
		2B7D28B919CE65D4003A9635 /* PBXTargetDependency */ = {
			isa = PBXTargetDependency;
			target = 2B7D28B119CE65D4003A9635 /* cat-keyboard */;
			targetProxy = 2B7D28B819CE65D4003A9635 /* PBXContainerItemProxy */;
		};
		2B7D28BC19CE65D5003A9635 /* PBXTargetDependency */ = {
			isa = PBXTargetDependency;
			target = 2B7D28B119CE65D4003A9635 /* cat-keyboard */;
			targetProxy = 2B7D28BB19CE65D5003A9635 /* PBXContainerItemProxy */;
		};
/* End PBXTargetDependency section */

/* Begin PBXVariantGroup section */
		2B7D289219CE658F003A9635 /* Main.storyboard */ = {
			isa = PBXVariantGroup;
			children = (
				2B7D289319CE658F003A9635 /* Base */,
			);
			name = Main.storyboard;
			sourceTree = "<group>";
		};
		2B7D289719CE658F003A9635 /* LaunchScreen.xib */ = {
			isa = PBXVariantGroup;
			children = (
				2B7D289819CE658F003A9635 /* Base */,
			);
			name = LaunchScreen.xib;
			sourceTree = "<group>";
		};
/* End PBXVariantGroup section */

/* Begin XCBuildConfiguration section */
		2B7D28A619CE658F003A9635 /* Debug */ = {
			isa = XCBuildConfiguration;
			buildSettings = {
				ALWAYS_SEARCH_USER_PATHS = NO;
				CLANG_CXX_LANGUAGE_STANDARD = "gnu++0x";
				CLANG_CXX_LIBRARY = "libc++";
				CLANG_ENABLE_MODULES = YES;
				CLANG_ENABLE_OBJC_ARC = YES;
				CLANG_WARN_BOOL_CONVERSION = YES;
				CLANG_WARN_CONSTANT_CONVERSION = YES;
				CLANG_WARN_DIRECT_OBJC_ISA_USAGE = YES_ERROR;
				CLANG_WARN_EMPTY_BODY = YES;
				CLANG_WARN_ENUM_CONVERSION = YES;
				CLANG_WARN_INT_CONVERSION = YES;
				CLANG_WARN_OBJC_ROOT_CLASS = YES_ERROR;
				CLANG_WARN_UNREACHABLE_CODE = YES;
				CLANG_WARN__DUPLICATE_METHOD_MATCH = YES;
				"CODE_SIGN_IDENTITY[sdk=iphoneos*]" = "iPhone Developer";
				COPY_PHASE_STRIP = NO;
				ENABLE_STRICT_OBJC_MSGSEND = YES;
				GCC_C_LANGUAGE_STANDARD = gnu99;
				GCC_DYNAMIC_NO_PIC = NO;
				GCC_OPTIMIZATION_LEVEL = 0;
				GCC_PREPROCESSOR_DEFINITIONS = (
					"DEBUG=1",
					"$(inherited)",
				);
				GCC_SYMBOLS_PRIVATE_EXTERN = NO;
				GCC_WARN_64_TO_32_BIT_CONVERSION = YES;
				GCC_WARN_ABOUT_RETURN_TYPE = YES_ERROR;
				GCC_WARN_UNDECLARED_SELECTOR = YES;
				GCC_WARN_UNINITIALIZED_AUTOS = YES_AGGRESSIVE;
				GCC_WARN_UNUSED_FUNCTION = YES;
				GCC_WARN_UNUSED_VARIABLE = YES;
				IPHONEOS_DEPLOYMENT_TARGET = 8.0;
				MTL_ENABLE_DEBUG_INFO = YES;
				ONLY_ACTIVE_ARCH = YES;
				SDKROOT = iphoneos;
				SWIFT_OPTIMIZATION_LEVEL = "-Onone";
			};
			name = Debug;
		};
		2B7D28A719CE658F003A9635 /* Release */ = {
			isa = XCBuildConfiguration;
			buildSettings = {
				ALWAYS_SEARCH_USER_PATHS = NO;
				CLANG_CXX_LANGUAGE_STANDARD = "gnu++0x";
				CLANG_CXX_LIBRARY = "libc++";
				CLANG_ENABLE_MODULES = YES;
				CLANG_ENABLE_OBJC_ARC = YES;
				CLANG_WARN_BOOL_CONVERSION = YES;
				CLANG_WARN_CONSTANT_CONVERSION = YES;
				CLANG_WARN_DIRECT_OBJC_ISA_USAGE = YES_ERROR;
				CLANG_WARN_EMPTY_BODY = YES;
				CLANG_WARN_ENUM_CONVERSION = YES;
				CLANG_WARN_INT_CONVERSION = YES;
				CLANG_WARN_OBJC_ROOT_CLASS = YES_ERROR;
				CLANG_WARN_UNREACHABLE_CODE = YES;
				CLANG_WARN__DUPLICATE_METHOD_MATCH = YES;
				"CODE_SIGN_IDENTITY[sdk=iphoneos*]" = "iPhone Developer";
				COPY_PHASE_STRIP = YES;
				ENABLE_NS_ASSERTIONS = NO;
				ENABLE_STRICT_OBJC_MSGSEND = YES;
				GCC_C_LANGUAGE_STANDARD = gnu99;
				GCC_WARN_64_TO_32_BIT_CONVERSION = YES;
				GCC_WARN_ABOUT_RETURN_TYPE = YES_ERROR;
				GCC_WARN_UNDECLARED_SELECTOR = YES;
				GCC_WARN_UNINITIALIZED_AUTOS = YES_AGGRESSIVE;
				GCC_WARN_UNUSED_FUNCTION = YES;
				GCC_WARN_UNUSED_VARIABLE = YES;
				IPHONEOS_DEPLOYMENT_TARGET = 8.0;
				MTL_ENABLE_DEBUG_INFO = NO;
				SDKROOT = iphoneos;
				VALIDATE_PRODUCT = YES;
			};
			name = Release;
		};
		2B7D28A919CE658F003A9635 /* Debug */ = {
			isa = XCBuildConfiguration;
			buildSettings = {
				ASSETCATALOG_COMPILER_APPICON_NAME = AppIcon;
				INFOPLIST_FILE = "keyboard-cat/Info.plist";
				LD_RUNPATH_SEARCH_PATHS = "$(inherited) @executable_path/Frameworks";
				PRODUCT_NAME = "$(TARGET_NAME)";
			};
			name = Debug;
		};
		2B7D28AA19CE658F003A9635 /* Release */ = {
			isa = XCBuildConfiguration;
			buildSettings = {
				ASSETCATALOG_COMPILER_APPICON_NAME = AppIcon;
				INFOPLIST_FILE = "keyboard-cat/Info.plist";
				LD_RUNPATH_SEARCH_PATHS = "$(inherited) @executable_path/Frameworks";
				PRODUCT_NAME = "$(TARGET_NAME)";
			};
			name = Release;
		};
		2B7D28AC19CE658F003A9635 /* Debug */ = {
			isa = XCBuildConfiguration;
			buildSettings = {
				BUNDLE_LOADER = "$(TEST_HOST)";
				FRAMEWORK_SEARCH_PATHS = (
					"$(SDKROOT)/Developer/Library/Frameworks",
					"$(inherited)",
				);
				GCC_PREPROCESSOR_DEFINITIONS = (
					"DEBUG=1",
					"$(inherited)",
				);
				INFOPLIST_FILE = "keyboard-catTests/Info.plist";
				LD_RUNPATH_SEARCH_PATHS = "$(inherited) @executable_path/Frameworks @loader_path/Frameworks";
				PRODUCT_NAME = "$(TARGET_NAME)";
				TEST_HOST = "$(BUILT_PRODUCTS_DIR)/keyboard-cat.app/keyboard-cat";
			};
			name = Debug;
		};
		2B7D28AD19CE658F003A9635 /* Release */ = {
			isa = XCBuildConfiguration;
			buildSettings = {
				BUNDLE_LOADER = "$(TEST_HOST)";
				FRAMEWORK_SEARCH_PATHS = (
					"$(SDKROOT)/Developer/Library/Frameworks",
					"$(inherited)",
				);
				INFOPLIST_FILE = "keyboard-catTests/Info.plist";
				LD_RUNPATH_SEARCH_PATHS = "$(inherited) @executable_path/Frameworks @loader_path/Frameworks";
				PRODUCT_NAME = "$(TARGET_NAME)";
				TEST_HOST = "$(BUILT_PRODUCTS_DIR)/keyboard-cat.app/keyboard-cat";
			};
			name = Release;
		};
		2B7D28BE19CE65D5003A9635 /* Debug */ = {
			isa = XCBuildConfiguration;
			buildSettings = {
				GCC_PREPROCESSOR_DEFINITIONS = (
					"DEBUG=1",
					"$(inherited)",
				);
				INFOPLIST_FILE = "cat-keyboard/Info.plist";
				LD_RUNPATH_SEARCH_PATHS = "$(inherited) @executable_path/Frameworks @executable_path/../../Frameworks";
				PRODUCT_NAME = "$(TARGET_NAME)";
				SKIP_INSTALL = YES;
			};
			name = Debug;
		};
		2B7D28BF19CE65D5003A9635 /* Release */ = {
			isa = XCBuildConfiguration;
			buildSettings = {
				INFOPLIST_FILE = "cat-keyboard/Info.plist";
				LD_RUNPATH_SEARCH_PATHS = "$(inherited) @executable_path/Frameworks @executable_path/../../Frameworks";
				PRODUCT_NAME = "$(TARGET_NAME)";
				SKIP_INSTALL = YES;
			};
			name = Release;
		};
/* End XCBuildConfiguration section */

/* Begin XCConfigurationList section */
		2B7D288419CE658F003A9635 /* Build configuration list for PBXProject "keyboard-cat" */ = {
			isa = XCConfigurationList;
			buildConfigurations = (
				2B7D28A619CE658F003A9635 /* Debug */,
				2B7D28A719CE658F003A9635 /* Release */,
			);
			defaultConfigurationIsVisible = 0;
			defaultConfigurationName = Release;
		};
		2B7D28A819CE658F003A9635 /* Build configuration list for PBXNativeTarget "keyboard-cat" */ = {
			isa = XCConfigurationList;
			buildConfigurations = (
				2B7D28A919CE658F003A9635 /* Debug */,
				2B7D28AA19CE658F003A9635 /* Release */,
			);
			defaultConfigurationIsVisible = 0;
		};
		2B7D28AB19CE658F003A9635 /* Build configuration list for PBXNativeTarget "keyboard-catTests" */ = {
			isa = XCConfigurationList;
			buildConfigurations = (
				2B7D28AC19CE658F003A9635 /* Debug */,
				2B7D28AD19CE658F003A9635 /* Release */,
			);
			defaultConfigurationIsVisible = 0;
		};
		2B7D28BD19CE65D5003A9635 /* Build configuration list for PBXNativeTarget "cat-keyboard" */ = {
			isa = XCConfigurationList;
			buildConfigurations = (
				2B7D28BE19CE65D5003A9635 /* Debug */,
				2B7D28BF19CE65D5003A9635 /* Release */,
			);
			defaultConfigurationIsVisible = 0;
		};
/* End XCConfigurationList section */
	};
	rootObject = 2B7D288119CE658F003A9635 /* Project object */;
}
